
Microsoft Visual Studio Solution File, Format Version 12.00
# Visual Studio Version 16
VisualStudioVersion = 16.0.30002.166
MinimumVisualStudioVersion = 10.0.40219.1
Project("{9A19103F-16F7-4668-BE54-9A1E7A4F7556}") = "API", "API\API.csproj", "{3B05AFFB-1FE2-406C-9BEF-FAC2EA66905D}"
EndProject
Project("{FAE04EC0-301F-11D3-BF4B-00C04F79EFBC}") = "BLL", "BLL\BLL.csproj", "{7C116D65-BC86-409C-AABE-0391155C252F}"
EndProject
Project("{FAE04EC0-301F-11D3-BF4B-00C04F79EFBC}") = "DLL", "DLL\DLL.csproj", "{579FF9AA-90A8-486C-A5CE-B5388D3C9C9E}"
EndProject
Global
	GlobalSection(SolutionConfigurationPlatforms) = preSolution
		Debug|Any CPU = Debug|Any CPU
		Release|Any CPU = Release|Any CPU
	EndGlobalSection
	GlobalSection(ProjectConfigurationPlatforms) = postSolution
		{3B05AFFB-1FE2-406C-9BEF-FAC2EA66905D}.Debug|Any CPU.ActiveCfg = Debug|Any CPU
		{3B05AFFB-1FE2-406C-9BEF-FAC2EA66905D}.Debug|Any CPU.Build.0 = Debug|Any CPU
		{3B05AFFB-1FE2-406C-9BEF-FAC2EA66905D}.Release|Any CPU.ActiveCfg = Release|Any CPU
		{3B05AFFB-1FE2-406C-9BEF-FAC2EA66905D}.Release|Any CPU.Build.0 = Release|Any CPU
		{7C116D65-BC86-409C-AABE-0391155C252F}.Debug|Any CPU.ActiveCfg = Debug|Any CPU
		{7C116D65-BC86-409C-AABE-0391155C252F}.Debug|Any CPU.Build.0 = Debug|Any CPU
		{7C116D65-BC86-409C-AABE-0391155C252F}.Release|Any CPU.ActiveCfg = Release|Any CPU
		{7C116D65-BC86-409C-AABE-0391155C252F}.Release|Any CPU.Build.0 = Release|Any CPU
		{579FF9AA-90A8-486C-A5CE-B5388D3C9C9E}.Debug|Any CPU.ActiveCfg = Debug|Any CPU
		{579FF9AA-90A8-486C-A5CE-B5388D3C9C9E}.Debug|Any CPU.Build.0 = Debug|Any CPU
		{579FF9AA-90A8-486C-A5CE-B5388D3C9C9E}.Release|Any CPU.ActiveCfg = Release|Any CPU
		{579FF9AA-90A8-486C-A5CE-B5388D3C9C9E}.Release|Any CPU.Build.0 = Release|Any CPU
	EndGlobalSection
	GlobalSection(SolutionProperties) = preSolution
		HideSolutionNode = FALSE
	EndGlobalSection
	GlobalSection(ExtensibilityGlobals) = postSolution
		SolutionGuid = {C07ABC4E-54EE-42A7-A6B8-6D838030FFEA}
	EndGlobalSection
EndGlobal
